
Microsoft Visual Studio Solution File, Format Version 12.00
# Visual Studio Version 17
VisualStudioVersion = 17.14.35821.254
MinimumVisualStudioVersion = 10.0.40219.1
Project("{FAE04EC0-301F-11D3-BF4B-00C04F79EFBC}") = "TestProject1", "TestProject1\TestProject1.csproj", "{23D8FA8C-FCC9-4831-978F-38208B24F1BA}"
EndProject
Project("{FAE04EC0-301F-11D3-BF4B-00C04F79EFBC}") = "BrokenLid", "BrokenLid\BrokenLid.csproj", "{04CEC110-68E3-46F1-98A5-B1841B688A00}"
EndProject
Project("{FAE04EC0-301F-11D3-BF4B-00C04F79EFBC}") = "TestProject2", "TestProject2\TestProject2.csproj", "{F10F1EF8-8F4B-4E3A-A872-9C9D5E6CCA44}"
EndProject
Global
	GlobalSection(SolutionConfigurationPlatforms) = preSolution
		Debug|Any CPU = Debug|Any CPU
		Release|Any CPU = Release|Any CPU
	EndGlobalSection
	GlobalSection(ProjectConfigurationPlatforms) = postSolution
		{23D8FA8C-FCC9-4831-978F-38208B24F1BA}.Debug|Any CPU.ActiveCfg = Debug|Any CPU
		{23D8FA8C-FCC9-4831-978F-38208B24F1BA}.Debug|Any CPU.Build.0 = Debug|Any CPU
		{23D8FA8C-FCC9-4831-978F-38208B24F1BA}.Release|Any CPU.ActiveCfg = Release|Any CPU
		{23D8FA8C-FCC9-4831-978F-38208B24F1BA}.Release|Any CPU.Build.0 = Release|Any CPU
		{04CEC110-68E3-46F1-98A5-B1841B688A00}.Debug|Any CPU.ActiveCfg = Debug|Any CPU
		{04CEC110-68E3-46F1-98A5-B1841B688A00}.Debug|Any CPU.Build.0 = Debug|Any CPU
		{04CEC110-68E3-46F1-98A5-B1841B688A00}.Release|Any CPU.ActiveCfg = Release|Any CPU
		{04CEC110-68E3-46F1-98A5-B1841B688A00}.Release|Any CPU.Build.0 = Release|Any CPU
		{F10F1EF8-8F4B-4E3A-A872-9C9D5E6CCA44}.Debug|Any CPU.ActiveCfg = Debug|Any CPU
		{F10F1EF8-8F4B-4E3A-A872-9C9D5E6CCA44}.Debug|Any CPU.Build.0 = Debug|Any CPU
		{F10F1EF8-8F4B-4E3A-A872-9C9D5E6CCA44}.Release|Any CPU.ActiveCfg = Release|Any CPU
		{F10F1EF8-8F4B-4E3A-A872-9C9D5E6CCA44}.Release|Any CPU.Build.0 = Release|Any CPU
	EndGlobalSection
	GlobalSection(SolutionProperties) = preSolution
		HideSolutionNode = FALSE
	EndGlobalSection
	GlobalSection(ExtensibilityGlobals) = postSolution
		SolutionGuid = {79C05C8E-DE68-40B4-9CA6-E70EAE57875A}
	EndGlobalSection
EndGlobal
